
Microsoft Visual Studio Solution File, Format Version 12.00
# Visual Studio 14
VisualStudioVersion = 14.0.25420.1
MinimumVisualStudioVersion = 10.0.40219.1
Project("{2150E333-8FDC-42A3-9474-1A3956D46DE8}") = "MVC", "MVC", "{6A8DE8EC-1B75-457F-9C22-8D99C0494443}"
EndProject
Project("{FAE04EC0-301F-11D3-BF4B-00C04F79EFBC}") = "WebApplication1", "WebApplication1\WebApplication1.csproj", "{67F01733-B0EB-4A9A-9EB0-2BA543340049}"
EndProject
Project("{FAE04EC0-301F-11D3-BF4B-00C04F79EFBC}") = "WebApplication2", "WebApplication2\WebApplication2.csproj", "{E2D02BB1-34ED-4B86-BE3F-99D895CEC7F4}"
EndProject
Project("{FAE04EC0-301F-11D3-BF4B-00C04F79EFBC}") = "WebApplication3", "WebApplication3\WebApplication3.csproj", "{B31410EB-47FD-40CD-8898-1E9AEBDB2D66}"
EndProject
Project("{FAE04EC0-301F-11D3-BF4B-00C04F79EFBC}") = "WebApplication4", "WebApplication4\WebApplication4.csproj", "{2985F4D6-9775-4764-A4DB-F7BC10079020}"
EndProject
Project("{2150E333-8FDC-42A3-9474-1A3956D46DE8}") = "EntityFramework", "EntityFramework", "{1731105F-A57A-432A-8585-8D7C6FD517E5}"
EndProject
Project("{FAE04EC0-301F-11D3-BF4B-00C04F79EFBC}") = "ConsoleApplication1", "ConsoleApplication1\ConsoleApplication1.csproj", "{6FDA4FF3-584B-4BE2-A2E0-7B8D98F412DD}"
EndProject
Project("{FAE04EC0-301F-11D3-BF4B-00C04F79EFBC}") = "WebApplication5", "WebApplication5\WebApplication5.csproj", "{9B639818-19D6-43F9-ACDD-A22D67A1FEBF}"
EndProject
Project("{FAE04EC0-301F-11D3-BF4B-00C04F79EFBC}") = "WebApplication6", "WebApplication6\WebApplication6.csproj", "{45B3DF68-EE54-4357-89FF-CEC1AC17DB41}"
EndProject
Global
	GlobalSection(SolutionConfigurationPlatforms) = preSolution
		Debug|Any CPU = Debug|Any CPU
		Release|Any CPU = Release|Any CPU
	EndGlobalSection
	GlobalSection(ProjectConfigurationPlatforms) = postSolution
		{67F01733-B0EB-4A9A-9EB0-2BA543340049}.Debug|Any CPU.ActiveCfg = Debug|Any CPU
		{67F01733-B0EB-4A9A-9EB0-2BA543340049}.Debug|Any CPU.Build.0 = Debug|Any CPU
		{67F01733-B0EB-4A9A-9EB0-2BA543340049}.Release|Any CPU.ActiveCfg = Release|Any CPU
		{67F01733-B0EB-4A9A-9EB0-2BA543340049}.Release|Any CPU.Build.0 = Release|Any CPU
		{E2D02BB1-34ED-4B86-BE3F-99D895CEC7F4}.Debug|Any CPU.ActiveCfg = Debug|Any CPU
		{E2D02BB1-34ED-4B86-BE3F-99D895CEC7F4}.Debug|Any CPU.Build.0 = Debug|Any CPU
		{E2D02BB1-34ED-4B86-BE3F-99D895CEC7F4}.Release|Any CPU.ActiveCfg = Release|Any CPU
		{E2D02BB1-34ED-4B86-BE3F-99D895CEC7F4}.Release|Any CPU.Build.0 = Release|Any CPU
		{B31410EB-47FD-40CD-8898-1E9AEBDB2D66}.Debug|Any CPU.ActiveCfg = Debug|Any CPU
		{B31410EB-47FD-40CD-8898-1E9AEBDB2D66}.Debug|Any CPU.Build.0 = Debug|Any CPU
		{B31410EB-47FD-40CD-8898-1E9AEBDB2D66}.Release|Any CPU.ActiveCfg = Release|Any CPU
		{B31410EB-47FD-40CD-8898-1E9AEBDB2D66}.Release|Any CPU.Build.0 = Release|Any CPU
		{2985F4D6-9775-4764-A4DB-F7BC10079020}.Debug|Any CPU.ActiveCfg = Debug|Any CPU
		{2985F4D6-9775-4764-A4DB-F7BC10079020}.Debug|Any CPU.Build.0 = Debug|Any CPU
		{2985F4D6-9775-4764-A4DB-F7BC10079020}.Release|Any CPU.ActiveCfg = Release|Any CPU
		{2985F4D6-9775-4764-A4DB-F7BC10079020}.Release|Any CPU.Build.0 = Release|Any CPU
		{6FDA4FF3-584B-4BE2-A2E0-7B8D98F412DD}.Debug|Any CPU.ActiveCfg = Debug|Any CPU
		{6FDA4FF3-584B-4BE2-A2E0-7B8D98F412DD}.Debug|Any CPU.Build.0 = Debug|Any CPU
		{6FDA4FF3-584B-4BE2-A2E0-7B8D98F412DD}.Release|Any CPU.ActiveCfg = Release|Any CPU
		{6FDA4FF3-584B-4BE2-A2E0-7B8D98F412DD}.Release|Any CPU.Build.0 = Release|Any CPU
		{9B639818-19D6-43F9-ACDD-A22D67A1FEBF}.Debug|Any CPU.ActiveCfg = Debug|Any CPU
		{9B639818-19D6-43F9-ACDD-A22D67A1FEBF}.Debug|Any CPU.Build.0 = Debug|Any CPU
		{9B639818-19D6-43F9-ACDD-A22D67A1FEBF}.Release|Any CPU.ActiveCfg = Release|Any CPU
		{9B639818-19D6-43F9-ACDD-A22D67A1FEBF}.Release|Any CPU.Build.0 = Release|Any CPU
		{45B3DF68-EE54-4357-89FF-CEC1AC17DB41}.Debug|Any CPU.ActiveCfg = Debug|Any CPU
		{45B3DF68-EE54-4357-89FF-CEC1AC17DB41}.Debug|Any CPU.Build.0 = Debug|Any CPU
		{45B3DF68-EE54-4357-89FF-CEC1AC17DB41}.Release|Any CPU.ActiveCfg = Release|Any CPU
		{45B3DF68-EE54-4357-89FF-CEC1AC17DB41}.Release|Any CPU.Build.0 = Release|Any CPU
	EndGlobalSection
	GlobalSection(SolutionProperties) = preSolution
		HideSolutionNode = FALSE
	EndGlobalSection
	GlobalSection(NestedProjects) = preSolution
		{67F01733-B0EB-4A9A-9EB0-2BA543340049} = {6A8DE8EC-1B75-457F-9C22-8D99C0494443}
		{E2D02BB1-34ED-4B86-BE3F-99D895CEC7F4} = {6A8DE8EC-1B75-457F-9C22-8D99C0494443}
		{B31410EB-47FD-40CD-8898-1E9AEBDB2D66} = {6A8DE8EC-1B75-457F-9C22-8D99C0494443}
		{2985F4D6-9775-4764-A4DB-F7BC10079020} = {6A8DE8EC-1B75-457F-9C22-8D99C0494443}
		{6FDA4FF3-584B-4BE2-A2E0-7B8D98F412DD} = {1731105F-A57A-432A-8585-8D7C6FD517E5}
		{9B639818-19D6-43F9-ACDD-A22D67A1FEBF} = {6A8DE8EC-1B75-457F-9C22-8D99C0494443}
		{45B3DF68-EE54-4357-89FF-CEC1AC17DB41} = {6A8DE8EC-1B75-457F-9C22-8D99C0494443}
	EndGlobalSection
EndGlobal
