
Microsoft Visual Studio Solution File, Format Version 12.00
# Visual Studio 14
VisualStudioVersion = 14.0.25420.1
MinimumVisualStudioVersion = 10.0.40219.1
Project("{2150E333-8FDC-42A3-9474-1A3956D46DE8}") = "MVC", "MVC", "{6A8DE8EC-1B75-457F-9C22-8D99C0494443}"
EndProject
Project("{FAE04EC0-301F-11D3-BF4B-00C04F79EFBC}") = "WebApplication01", "WebApplication1\WebApplication01.csproj", "{67F01733-B0EB-4A9A-9EB0-2BA543340049}"
EndProject
Project("{FAE04EC0-301F-11D3-BF4B-00C04F79EFBC}") = "WebApplication02", "WebApplication2\WebApplication02.csproj", "{E2D02BB1-34ED-4B86-BE3F-99D895CEC7F4}"
EndProject
Project("{FAE04EC0-301F-11D3-BF4B-00C04F79EFBC}") = "WebApplication03", "WebApplication3\WebApplication03.csproj", "{B31410EB-47FD-40CD-8898-1E9AEBDB2D66}"
EndProject
Project("{FAE04EC0-301F-11D3-BF4B-00C04F79EFBC}") = "WebApplication04", "WebApplication4\WebApplication04.csproj", "{2985F4D6-9775-4764-A4DB-F7BC10079020}"
EndProject
Project("{2150E333-8FDC-42A3-9474-1A3956D46DE8}") = "EntityFramework", "EntityFramework", "{1731105F-A57A-432A-8585-8D7C6FD517E5}"
EndProject
Project("{FAE04EC0-301F-11D3-BF4B-00C04F79EFBC}") = "ConsoleApplication1", "ConsoleApplication1\ConsoleApplication1.csproj", "{6FDA4FF3-584B-4BE2-A2E0-7B8D98F412DD}"
EndProject
Project("{FAE04EC0-301F-11D3-BF4B-00C04F79EFBC}") = "WebApplication05", "WebApplication5\WebApplication05.csproj", "{9B639818-19D6-43F9-ACDD-A22D67A1FEBF}"
EndProject
Project("{FAE04EC0-301F-11D3-BF4B-00C04F79EFBC}") = "WebApplication06", "WebApplication6\WebApplication06.csproj", "{45B3DF68-EE54-4357-89FF-CEC1AC17DB41}"
EndProject
Project("{FAE04EC0-301F-11D3-BF4B-00C04F79EFBC}") = "WebApplication09", "WebApplication9\WebApplication09.csproj", "{B2B3801F-77CC-425D-A7EC-9D648222C74B}"
EndProject
Project("{FAE04EC0-301F-11D3-BF4B-00C04F79EFBC}") = "WebApplication08", "WebApplication8\WebApplication08.csproj", "{D0AE4D9F-E50D-4774-B2D5-1318B6975491}"
EndProject
Project("{FAE04EC0-301F-11D3-BF4B-00C04F79EFBC}") = "WebApplication10", "WebApplication10\WebApplication10.csproj", "{09EFEA7F-94B8-40C2-829B-23FC588A96A8}"
EndProject
Project("{FAE04EC0-301F-11D3-BF4B-00C04F79EFBC}") = "WebApplication11", "WebApplication11\WebApplication11.csproj", "{65C8FDBD-3597-4418-8781-8E669608A92C}"
EndProject
Project("{FAE04EC0-301F-11D3-BF4B-00C04F79EFBC}") = "WebApplication12", "WebApplication12\WebApplication12.csproj", "{3A0B92FC-7589-446A-9B48-77990B9C7E54}"
EndProject
Project("{FAE04EC0-301F-11D3-BF4B-00C04F79EFBC}") = "WebApplication13", "WebApplication13\WebApplication13.csproj", "{ECBCF7A5-4AC2-4BBC-A386-8A0848532734}"
EndProject
Project("{FAE04EC0-301F-11D3-BF4B-00C04F79EFBC}") = "WebApplication14", "WebApplication14\WebApplication14.csproj", "{B515811D-8F30-4657-8CC8-ED6F232A04E8}"
EndProject
Project("{FAE04EC0-301F-11D3-BF4B-00C04F79EFBC}") = "WebApplication15", "WebApplication15\WebApplication15.csproj", "{B8BA93BB-4B25-4239-8C23-3B26C1ADA41A}"
EndProject
Project("{FAE04EC0-301F-11D3-BF4B-00C04F79EFBC}") = "WebApplication16", "WebApplication16\WebApplication16.csproj", "{E71FB2C5-0E1D-4D7E-AC36-6D99E3A212E6}"
EndProject
Project("{FAE04EC0-301F-11D3-BF4B-00C04F79EFBC}") = "WebApplication17", "WebApplication17\WebApplication17.csproj", "{396011EB-13E1-47B7-8FEC-899E459F35CB}"
EndProject
Project("{FAE04EC0-301F-11D3-BF4B-00C04F79EFBC}") = "WebApplication18", "WebApplication18\WebApplication18.csproj", "{981E5ED4-BD25-4F6B-9C96-DB0347B008DF}"
EndProject
Project("{FAE04EC0-301F-11D3-BF4B-00C04F79EFBC}") = "WebApplication19", "WebApplication19\WebApplication19.csproj", "{1B5BA15A-7F6B-48CB-9E9A-E4297C9D44AA}"
EndProject
Project("{FAE04EC0-301F-11D3-BF4B-00C04F79EFBC}") = "WebApplication20", "WebApplication20\WebApplication20.csproj", "{4D572971-C693-4CD3-8109-0BBCE0B3E47C}"
EndProject
Project("{FAE04EC0-301F-11D3-BF4B-00C04F79EFBC}") = "WebApplication21_File", "WebApplication21\WebApplication21_File.csproj", "{F93EC354-7673-49A6-B3D1-8C994E903B29}"
EndProject
Project("{FAE04EC0-301F-11D3-BF4B-00C04F79EFBC}") = "WebApplication22", "WebApplication22\WebApplication22.csproj", "{073C3FBF-829E-45AA-A943-20B1D8E6F600}"
EndProject
Project("{FAE04EC0-301F-11D3-BF4B-00C04F79EFBC}") = "WebApplication23", "WebApplication23\WebApplication23.csproj", "{60C3F38D-5CD5-43F7-828D-B20A921ABC3D}"
EndProject
Project("{FAE04EC0-301F-11D3-BF4B-00C04F79EFBC}") = "WebApplication24", "WebApplication24\WebApplication24.csproj", "{E167D488-74E3-4445-90C6-9E405D68BE7B}"
EndProject
Project("{FAE04EC0-301F-11D3-BF4B-00C04F79EFBC}") = "WebApplication25", "WebApplication25\WebApplication25.csproj", "{EC639E5B-C658-4CC6-8FB7-373C97562813}"
EndProject
Project("{FAE04EC0-301F-11D3-BF4B-00C04F79EFBC}") = "WebApplication26", "WebApplication26\WebApplication26.csproj", "{235F98C4-C709-4183-85EF-BDFD98DFC8C6}"
EndProject
Project("{FAE04EC0-301F-11D3-BF4B-00C04F79EFBC}") = "WebApplication27", "WebApplication27\WebApplication27.csproj", "{4E8D029F-DAA4-4C71-994D-BE12312522AE}"
EndProject
Project("{2150E333-8FDC-42A3-9474-1A3956D46DE8}") = "EF", "EF", "{52C07C20-F105-4D63-BC13-030A6DD6DBAB}"
EndProject
Project("{FAE04EC0-301F-11D3-BF4B-00C04F79EFBC}") = "WebApplication28", "WebApplication28\WebApplication28.csproj", "{2E592B0D-DB4C-4FAC-8D9E-B39574AF2258}"
EndProject
Project("{FAE04EC0-301F-11D3-BF4B-00C04F79EFBC}") = "WebApplication29", "WebApplication29\WebApplication29.csproj", "{B87986F7-698C-46DF-87CB-A55A07E066DF}"
EndProject
Project("{FAE04EC0-301F-11D3-BF4B-00C04F79EFBC}") = "WebApplication30", "WebApplication30\WebApplication30.csproj", "{67778786-8294-41D4-BE7D-C19C0EBA1636}"
EndProject
Project("{FAE04EC0-301F-11D3-BF4B-00C04F79EFBC}") = "WebApplication31", "WebApplication31\WebApplication31.csproj", "{64675D2F-1FDF-459D-8267-F8F9A25F74DA}"
EndProject
Project("{FAE04EC0-301F-11D3-BF4B-00C04F79EFBC}") = "WebApplication32", "WebApplication32\WebApplication32.csproj", "{E84D4A5B-4ABE-4312-AEC8-3FD52B275B16}"
EndProject
Project("{2150E333-8FDC-42A3-9474-1A3956D46DE8}") = "Enet", "Enet", "{96496B79-0157-4BB2-8217-C1C4E211E6B5}"
EndProject
Project("{FAE04EC0-301F-11D3-BF4B-00C04F79EFBC}") = "WindowsFormsApplication1", "WindowsFormsApplication1\WindowsFormsApplication1.csproj", "{5D4DF9E6-EBEB-4626-A50C-6393024D4329}"
EndProject
Project("{2150E333-8FDC-42A3-9474-1A3956D46DE8}") = "Console", "Console", "{3CC1922F-D933-4E91-83AD-050E412EA349}"
EndProject
Project("{FAE04EC0-301F-11D3-BF4B-00C04F79EFBC}") = "ConsoleApplication2", "ConsoleApplication2\ConsoleApplication2.csproj", "{76C61EF1-44DA-46BF-B0E8-A09EFB6DFEC2}"
EndProject
Project("{FAE04EC0-301F-11D3-BF4B-00C04F79EFBC}") = "ConsoleApplication3", "ConsoleApplication3\ConsoleApplication3.csproj", "{0746D8B9-EEE1-4373-B5CF-733D196C18EB}"
EndProject
Project("{FAE04EC0-301F-11D3-BF4B-00C04F79EFBC}") = "ConsoleApplication4", "ConsoleApplication4\ConsoleApplication4.csproj", "{32370289-7ABA-4AC8-8E7C-CBEEC4DC4D42}"
EndProject
Project("{FAE04EC0-301F-11D3-BF4B-00C04F79EFBC}") = "WebApplication07", "WebApplication7\WebApplication07.csproj", "{3FFC66A2-14F9-4A8C-B0D1-19189784F0A0}"
EndProject
Project("{FAE04EC0-301F-11D3-BF4B-00C04F79EFBC}") = "WebApplication33", "WebApplication33\WebApplication33.csproj", "{9C985B14-7F83-4EFD-9F6A-28B818C88E62}"
EndProject
Project("{FAE04EC0-301F-11D3-BF4B-00C04F79EFBC}") = "WebApplication34", "WebApplication34\WebApplication34.csproj", "{A84AA15E-C735-4C35-A831-D3978E2DB077}"
EndProject
Project("{FAE04EC0-301F-11D3-BF4B-00C04F79EFBC}") = "WebApplication35", "WebApplication35\WebApplication35.csproj", "{5DFF3C02-3489-48AA-A201-DA3A80236EB6}"
EndProject
Project("{FAE04EC0-301F-11D3-BF4B-00C04F79EFBC}") = "WebApplication36", "WebApplication36\WebApplication36.csproj", "{DBEA6DD0-7397-4513-BF66-40B2B3C8D8A0}"
EndProject
Project("{FAE04EC0-301F-11D3-BF4B-00C04F79EFBC}") = "WebApplication37", "WebApplication37\WebApplication37.csproj", "{08B0FC42-97FD-4F48-A246-168C0DA8D876}"
EndProject
Project("{FAE04EC0-301F-11D3-BF4B-00C04F79EFBC}") = "WebApplication38", "WebApplication38\WebApplication38.csproj", "{C4822490-0C9F-45A9-8BCA-4C2B493BA8E8}"
EndProject
Project("{FAE04EC0-301F-11D3-BF4B-00C04F79EFBC}") = "WebApplication40", "WebApplication40\WebApplication40.csproj", "{63255462-CFCC-40A4-80DD-ADAFBDF9A748}"
EndProject
Project("{FAE04EC0-301F-11D3-BF4B-00C04F79EFBC}") = "WebApplication41", "WebApplication41\WebApplication41.csproj", "{113C39EF-C229-4A1E-B6D2-477A4B5647B4}"
EndProject
Project("{FAE04EC0-301F-11D3-BF4B-00C04F79EFBC}") = "WebApplication42", "WebApplication42\WebApplication42.csproj", "{75132F7D-7214-4C88-9C4D-EFFBC26DC55A}"
EndProject
Project("{FAE04EC0-301F-11D3-BF4B-00C04F79EFBC}") = "WebApplication43", "WebApplication43\WebApplication43.csproj", "{F1E5717F-68BE-4B23-A6F4-7441EC0503F7}"
EndProject
Project("{FAE04EC0-301F-11D3-BF4B-00C04F79EFBC}") = "WebApplication45", "WebApplication45\WebApplication45.csproj", "{81F824E3-195F-4DEF-91D1-D25476F2B9D8}"
EndProject
Project("{FAE04EC0-301F-11D3-BF4B-00C04F79EFBC}") = "WebApplication47", "WebApplication47\WebApplication47.csproj", "{C8B2F67B-1AEF-4350-8B75-E13AB7EDF6CE}"
EndProject
Project("{FAE04EC0-301F-11D3-BF4B-00C04F79EFBC}") = "WebApplication48", "WebApplication48\WebApplication48.csproj", "{CA7BB346-2A69-47C6-AF6C-8D404F3031C3}"
EndProject
Project("{FAE04EC0-301F-11D3-BF4B-00C04F79EFBC}") = "WebApplication49_ValidPartial", "WebApplication49\WebApplication49_ValidPartial.csproj", "{3FA2D728-31A1-46B2-9B74-79C3CB96F6A4}"
EndProject
Project("{FAE04EC0-301F-11D3-BF4B-00C04F79EFBC}") = "WebApplication50", "WebApplication50\WebApplication50.csproj", "{DBAC1165-2955-460C-A838-883EF0DEF5AC}"
EndProject
Project("{FAE04EC0-301F-11D3-BF4B-00C04F79EFBC}") = "WebApplication51", "WebApplication51\WebApplication51.csproj", "{65050DEE-E3D5-4D41-AA66-4CF55CE76014}"
EndProject
Project("{FAE04EC0-301F-11D3-BF4B-00C04F79EFBC}") = "WebApplication52", "WebApplication52\WebApplication52.csproj", "{84561E4D-4605-4475-BF49-4C6540736CC9}"
EndProject
Project("{FAE04EC0-301F-11D3-BF4B-00C04F79EFBC}") = "WebApplication53_Filter_WriteToFile", "WebApplication53\WebApplication53_Filter_WriteToFile.csproj", "{5E4045EB-7CD5-4670-91FD-2DE094A354A3}"
EndProject
Project("{FAE04EC0-301F-11D3-BF4B-00C04F79EFBC}") = "WebApplication54", "WebApplication54\WebApplication54.csproj", "{9CACFF96-B278-4648-BABA-4598C36D0D09}"
EndProject
Global
	GlobalSection(SolutionConfigurationPlatforms) = preSolution
		Debug|Any CPU = Debug|Any CPU
		Release|Any CPU = Release|Any CPU
	EndGlobalSection
	GlobalSection(ProjectConfigurationPlatforms) = postSolution
		{67F01733-B0EB-4A9A-9EB0-2BA543340049}.Debug|Any CPU.ActiveCfg = Debug|Any CPU
		{67F01733-B0EB-4A9A-9EB0-2BA543340049}.Debug|Any CPU.Build.0 = Debug|Any CPU
		{67F01733-B0EB-4A9A-9EB0-2BA543340049}.Release|Any CPU.ActiveCfg = Release|Any CPU
		{67F01733-B0EB-4A9A-9EB0-2BA543340049}.Release|Any CPU.Build.0 = Release|Any CPU
		{E2D02BB1-34ED-4B86-BE3F-99D895CEC7F4}.Debug|Any CPU.ActiveCfg = Debug|Any CPU
		{E2D02BB1-34ED-4B86-BE3F-99D895CEC7F4}.Debug|Any CPU.Build.0 = Debug|Any CPU
		{E2D02BB1-34ED-4B86-BE3F-99D895CEC7F4}.Release|Any CPU.ActiveCfg = Release|Any CPU
		{E2D02BB1-34ED-4B86-BE3F-99D895CEC7F4}.Release|Any CPU.Build.0 = Release|Any CPU
		{B31410EB-47FD-40CD-8898-1E9AEBDB2D66}.Debug|Any CPU.ActiveCfg = Debug|Any CPU
		{B31410EB-47FD-40CD-8898-1E9AEBDB2D66}.Debug|Any CPU.Build.0 = Debug|Any CPU
		{B31410EB-47FD-40CD-8898-1E9AEBDB2D66}.Release|Any CPU.ActiveCfg = Release|Any CPU
		{B31410EB-47FD-40CD-8898-1E9AEBDB2D66}.Release|Any CPU.Build.0 = Release|Any CPU
		{2985F4D6-9775-4764-A4DB-F7BC10079020}.Debug|Any CPU.ActiveCfg = Debug|Any CPU
		{2985F4D6-9775-4764-A4DB-F7BC10079020}.Debug|Any CPU.Build.0 = Debug|Any CPU
		{2985F4D6-9775-4764-A4DB-F7BC10079020}.Release|Any CPU.ActiveCfg = Release|Any CPU
		{2985F4D6-9775-4764-A4DB-F7BC10079020}.Release|Any CPU.Build.0 = Release|Any CPU
		{6FDA4FF3-584B-4BE2-A2E0-7B8D98F412DD}.Debug|Any CPU.ActiveCfg = Debug|Any CPU
		{6FDA4FF3-584B-4BE2-A2E0-7B8D98F412DD}.Debug|Any CPU.Build.0 = Debug|Any CPU
		{6FDA4FF3-584B-4BE2-A2E0-7B8D98F412DD}.Release|Any CPU.ActiveCfg = Release|Any CPU
		{6FDA4FF3-584B-4BE2-A2E0-7B8D98F412DD}.Release|Any CPU.Build.0 = Release|Any CPU
		{9B639818-19D6-43F9-ACDD-A22D67A1FEBF}.Debug|Any CPU.ActiveCfg = Debug|Any CPU
		{9B639818-19D6-43F9-ACDD-A22D67A1FEBF}.Debug|Any CPU.Build.0 = Debug|Any CPU
		{9B639818-19D6-43F9-ACDD-A22D67A1FEBF}.Release|Any CPU.ActiveCfg = Release|Any CPU
		{9B639818-19D6-43F9-ACDD-A22D67A1FEBF}.Release|Any CPU.Build.0 = Release|Any CPU
		{45B3DF68-EE54-4357-89FF-CEC1AC17DB41}.Debug|Any CPU.ActiveCfg = Debug|Any CPU
		{45B3DF68-EE54-4357-89FF-CEC1AC17DB41}.Debug|Any CPU.Build.0 = Debug|Any CPU
		{45B3DF68-EE54-4357-89FF-CEC1AC17DB41}.Release|Any CPU.ActiveCfg = Release|Any CPU
		{45B3DF68-EE54-4357-89FF-CEC1AC17DB41}.Release|Any CPU.Build.0 = Release|Any CPU
		{B2B3801F-77CC-425D-A7EC-9D648222C74B}.Debug|Any CPU.ActiveCfg = Debug|Any CPU
		{B2B3801F-77CC-425D-A7EC-9D648222C74B}.Debug|Any CPU.Build.0 = Debug|Any CPU
		{B2B3801F-77CC-425D-A7EC-9D648222C74B}.Release|Any CPU.ActiveCfg = Release|Any CPU
		{B2B3801F-77CC-425D-A7EC-9D648222C74B}.Release|Any CPU.Build.0 = Release|Any CPU
		{D0AE4D9F-E50D-4774-B2D5-1318B6975491}.Debug|Any CPU.ActiveCfg = Debug|Any CPU
		{D0AE4D9F-E50D-4774-B2D5-1318B6975491}.Debug|Any CPU.Build.0 = Debug|Any CPU
		{D0AE4D9F-E50D-4774-B2D5-1318B6975491}.Release|Any CPU.ActiveCfg = Release|Any CPU
		{D0AE4D9F-E50D-4774-B2D5-1318B6975491}.Release|Any CPU.Build.0 = Release|Any CPU
		{09EFEA7F-94B8-40C2-829B-23FC588A96A8}.Debug|Any CPU.ActiveCfg = Debug|Any CPU
		{09EFEA7F-94B8-40C2-829B-23FC588A96A8}.Debug|Any CPU.Build.0 = Debug|Any CPU
		{09EFEA7F-94B8-40C2-829B-23FC588A96A8}.Release|Any CPU.ActiveCfg = Release|Any CPU
		{09EFEA7F-94B8-40C2-829B-23FC588A96A8}.Release|Any CPU.Build.0 = Release|Any CPU
		{65C8FDBD-3597-4418-8781-8E669608A92C}.Debug|Any CPU.ActiveCfg = Debug|Any CPU
		{65C8FDBD-3597-4418-8781-8E669608A92C}.Debug|Any CPU.Build.0 = Debug|Any CPU
		{65C8FDBD-3597-4418-8781-8E669608A92C}.Release|Any CPU.ActiveCfg = Release|Any CPU
		{65C8FDBD-3597-4418-8781-8E669608A92C}.Release|Any CPU.Build.0 = Release|Any CPU
		{3A0B92FC-7589-446A-9B48-77990B9C7E54}.Debug|Any CPU.ActiveCfg = Debug|Any CPU
		{3A0B92FC-7589-446A-9B48-77990B9C7E54}.Debug|Any CPU.Build.0 = Debug|Any CPU
		{3A0B92FC-7589-446A-9B48-77990B9C7E54}.Release|Any CPU.ActiveCfg = Release|Any CPU
		{3A0B92FC-7589-446A-9B48-77990B9C7E54}.Release|Any CPU.Build.0 = Release|Any CPU
		{ECBCF7A5-4AC2-4BBC-A386-8A0848532734}.Debug|Any CPU.ActiveCfg = Debug|Any CPU
		{ECBCF7A5-4AC2-4BBC-A386-8A0848532734}.Debug|Any CPU.Build.0 = Debug|Any CPU
		{ECBCF7A5-4AC2-4BBC-A386-8A0848532734}.Release|Any CPU.ActiveCfg = Release|Any CPU
		{ECBCF7A5-4AC2-4BBC-A386-8A0848532734}.Release|Any CPU.Build.0 = Release|Any CPU
		{B515811D-8F30-4657-8CC8-ED6F232A04E8}.Debug|Any CPU.ActiveCfg = Debug|Any CPU
		{B515811D-8F30-4657-8CC8-ED6F232A04E8}.Debug|Any CPU.Build.0 = Debug|Any CPU
		{B515811D-8F30-4657-8CC8-ED6F232A04E8}.Release|Any CPU.ActiveCfg = Release|Any CPU
		{B515811D-8F30-4657-8CC8-ED6F232A04E8}.Release|Any CPU.Build.0 = Release|Any CPU
		{B8BA93BB-4B25-4239-8C23-3B26C1ADA41A}.Debug|Any CPU.ActiveCfg = Debug|Any CPU
		{B8BA93BB-4B25-4239-8C23-3B26C1ADA41A}.Debug|Any CPU.Build.0 = Debug|Any CPU
		{B8BA93BB-4B25-4239-8C23-3B26C1ADA41A}.Release|Any CPU.ActiveCfg = Release|Any CPU
		{B8BA93BB-4B25-4239-8C23-3B26C1ADA41A}.Release|Any CPU.Build.0 = Release|Any CPU
		{E71FB2C5-0E1D-4D7E-AC36-6D99E3A212E6}.Debug|Any CPU.ActiveCfg = Debug|Any CPU
		{E71FB2C5-0E1D-4D7E-AC36-6D99E3A212E6}.Debug|Any CPU.Build.0 = Debug|Any CPU
		{E71FB2C5-0E1D-4D7E-AC36-6D99E3A212E6}.Release|Any CPU.ActiveCfg = Release|Any CPU
		{E71FB2C5-0E1D-4D7E-AC36-6D99E3A212E6}.Release|Any CPU.Build.0 = Release|Any CPU
		{396011EB-13E1-47B7-8FEC-899E459F35CB}.Debug|Any CPU.ActiveCfg = Debug|Any CPU
		{396011EB-13E1-47B7-8FEC-899E459F35CB}.Debug|Any CPU.Build.0 = Debug|Any CPU
		{396011EB-13E1-47B7-8FEC-899E459F35CB}.Release|Any CPU.ActiveCfg = Release|Any CPU
		{396011EB-13E1-47B7-8FEC-899E459F35CB}.Release|Any CPU.Build.0 = Release|Any CPU
		{981E5ED4-BD25-4F6B-9C96-DB0347B008DF}.Debug|Any CPU.ActiveCfg = Debug|Any CPU
		{981E5ED4-BD25-4F6B-9C96-DB0347B008DF}.Debug|Any CPU.Build.0 = Debug|Any CPU
		{981E5ED4-BD25-4F6B-9C96-DB0347B008DF}.Release|Any CPU.ActiveCfg = Release|Any CPU
		{981E5ED4-BD25-4F6B-9C96-DB0347B008DF}.Release|Any CPU.Build.0 = Release|Any CPU
		{1B5BA15A-7F6B-48CB-9E9A-E4297C9D44AA}.Debug|Any CPU.ActiveCfg = Debug|Any CPU
		{1B5BA15A-7F6B-48CB-9E9A-E4297C9D44AA}.Debug|Any CPU.Build.0 = Debug|Any CPU
		{1B5BA15A-7F6B-48CB-9E9A-E4297C9D44AA}.Release|Any CPU.ActiveCfg = Release|Any CPU
		{1B5BA15A-7F6B-48CB-9E9A-E4297C9D44AA}.Release|Any CPU.Build.0 = Release|Any CPU
		{4D572971-C693-4CD3-8109-0BBCE0B3E47C}.Debug|Any CPU.ActiveCfg = Debug|Any CPU
		{4D572971-C693-4CD3-8109-0BBCE0B3E47C}.Debug|Any CPU.Build.0 = Debug|Any CPU
		{4D572971-C693-4CD3-8109-0BBCE0B3E47C}.Release|Any CPU.ActiveCfg = Release|Any CPU
		{4D572971-C693-4CD3-8109-0BBCE0B3E47C}.Release|Any CPU.Build.0 = Release|Any CPU
		{F93EC354-7673-49A6-B3D1-8C994E903B29}.Debug|Any CPU.ActiveCfg = Debug|Any CPU
		{F93EC354-7673-49A6-B3D1-8C994E903B29}.Debug|Any CPU.Build.0 = Debug|Any CPU
		{F93EC354-7673-49A6-B3D1-8C994E903B29}.Release|Any CPU.ActiveCfg = Release|Any CPU
		{F93EC354-7673-49A6-B3D1-8C994E903B29}.Release|Any CPU.Build.0 = Release|Any CPU
		{073C3FBF-829E-45AA-A943-20B1D8E6F600}.Debug|Any CPU.ActiveCfg = Debug|Any CPU
		{073C3FBF-829E-45AA-A943-20B1D8E6F600}.Debug|Any CPU.Build.0 = Debug|Any CPU
		{073C3FBF-829E-45AA-A943-20B1D8E6F600}.Release|Any CPU.ActiveCfg = Release|Any CPU
		{073C3FBF-829E-45AA-A943-20B1D8E6F600}.Release|Any CPU.Build.0 = Release|Any CPU
		{60C3F38D-5CD5-43F7-828D-B20A921ABC3D}.Debug|Any CPU.ActiveCfg = Debug|Any CPU
		{60C3F38D-5CD5-43F7-828D-B20A921ABC3D}.Debug|Any CPU.Build.0 = Debug|Any CPU
		{60C3F38D-5CD5-43F7-828D-B20A921ABC3D}.Release|Any CPU.ActiveCfg = Release|Any CPU
		{60C3F38D-5CD5-43F7-828D-B20A921ABC3D}.Release|Any CPU.Build.0 = Release|Any CPU
		{E167D488-74E3-4445-90C6-9E405D68BE7B}.Debug|Any CPU.ActiveCfg = Debug|Any CPU
		{E167D488-74E3-4445-90C6-9E405D68BE7B}.Debug|Any CPU.Build.0 = Debug|Any CPU
		{E167D488-74E3-4445-90C6-9E405D68BE7B}.Release|Any CPU.ActiveCfg = Release|Any CPU
		{E167D488-74E3-4445-90C6-9E405D68BE7B}.Release|Any CPU.Build.0 = Release|Any CPU
		{EC639E5B-C658-4CC6-8FB7-373C97562813}.Debug|Any CPU.ActiveCfg = Debug|Any CPU
		{EC639E5B-C658-4CC6-8FB7-373C97562813}.Debug|Any CPU.Build.0 = Debug|Any CPU
		{EC639E5B-C658-4CC6-8FB7-373C97562813}.Release|Any CPU.ActiveCfg = Release|Any CPU
		{EC639E5B-C658-4CC6-8FB7-373C97562813}.Release|Any CPU.Build.0 = Release|Any CPU
		{235F98C4-C709-4183-85EF-BDFD98DFC8C6}.Debug|Any CPU.ActiveCfg = Debug|Any CPU
		{235F98C4-C709-4183-85EF-BDFD98DFC8C6}.Debug|Any CPU.Build.0 = Debug|Any CPU
		{235F98C4-C709-4183-85EF-BDFD98DFC8C6}.Release|Any CPU.ActiveCfg = Release|Any CPU
		{235F98C4-C709-4183-85EF-BDFD98DFC8C6}.Release|Any CPU.Build.0 = Release|Any CPU
		{4E8D029F-DAA4-4C71-994D-BE12312522AE}.Debug|Any CPU.ActiveCfg = Debug|Any CPU
		{4E8D029F-DAA4-4C71-994D-BE12312522AE}.Debug|Any CPU.Build.0 = Debug|Any CPU
		{4E8D029F-DAA4-4C71-994D-BE12312522AE}.Release|Any CPU.ActiveCfg = Release|Any CPU
		{4E8D029F-DAA4-4C71-994D-BE12312522AE}.Release|Any CPU.Build.0 = Release|Any CPU
		{2E592B0D-DB4C-4FAC-8D9E-B39574AF2258}.Debug|Any CPU.ActiveCfg = Debug|Any CPU
		{2E592B0D-DB4C-4FAC-8D9E-B39574AF2258}.Debug|Any CPU.Build.0 = Debug|Any CPU
		{2E592B0D-DB4C-4FAC-8D9E-B39574AF2258}.Release|Any CPU.ActiveCfg = Release|Any CPU
		{2E592B0D-DB4C-4FAC-8D9E-B39574AF2258}.Release|Any CPU.Build.0 = Release|Any CPU
		{B87986F7-698C-46DF-87CB-A55A07E066DF}.Debug|Any CPU.ActiveCfg = Debug|Any CPU
		{B87986F7-698C-46DF-87CB-A55A07E066DF}.Debug|Any CPU.Build.0 = Debug|Any CPU
		{B87986F7-698C-46DF-87CB-A55A07E066DF}.Release|Any CPU.ActiveCfg = Release|Any CPU
		{B87986F7-698C-46DF-87CB-A55A07E066DF}.Release|Any CPU.Build.0 = Release|Any CPU
		{67778786-8294-41D4-BE7D-C19C0EBA1636}.Debug|Any CPU.ActiveCfg = Debug|Any CPU
		{67778786-8294-41D4-BE7D-C19C0EBA1636}.Debug|Any CPU.Build.0 = Debug|Any CPU
		{67778786-8294-41D4-BE7D-C19C0EBA1636}.Release|Any CPU.ActiveCfg = Release|Any CPU
		{67778786-8294-41D4-BE7D-C19C0EBA1636}.Release|Any CPU.Build.0 = Release|Any CPU
		{64675D2F-1FDF-459D-8267-F8F9A25F74DA}.Debug|Any CPU.ActiveCfg = Debug|Any CPU
		{64675D2F-1FDF-459D-8267-F8F9A25F74DA}.Debug|Any CPU.Build.0 = Debug|Any CPU
		{64675D2F-1FDF-459D-8267-F8F9A25F74DA}.Release|Any CPU.ActiveCfg = Release|Any CPU
		{64675D2F-1FDF-459D-8267-F8F9A25F74DA}.Release|Any CPU.Build.0 = Release|Any CPU
		{E84D4A5B-4ABE-4312-AEC8-3FD52B275B16}.Debug|Any CPU.ActiveCfg = Debug|Any CPU
		{E84D4A5B-4ABE-4312-AEC8-3FD52B275B16}.Debug|Any CPU.Build.0 = Debug|Any CPU
		{E84D4A5B-4ABE-4312-AEC8-3FD52B275B16}.Release|Any CPU.ActiveCfg = Release|Any CPU
		{E84D4A5B-4ABE-4312-AEC8-3FD52B275B16}.Release|Any CPU.Build.0 = Release|Any CPU
		{5D4DF9E6-EBEB-4626-A50C-6393024D4329}.Debug|Any CPU.ActiveCfg = Debug|Any CPU
		{5D4DF9E6-EBEB-4626-A50C-6393024D4329}.Debug|Any CPU.Build.0 = Debug|Any CPU
		{5D4DF9E6-EBEB-4626-A50C-6393024D4329}.Release|Any CPU.ActiveCfg = Release|Any CPU
		{5D4DF9E6-EBEB-4626-A50C-6393024D4329}.Release|Any CPU.Build.0 = Release|Any CPU
		{76C61EF1-44DA-46BF-B0E8-A09EFB6DFEC2}.Debug|Any CPU.ActiveCfg = Debug|Any CPU
		{76C61EF1-44DA-46BF-B0E8-A09EFB6DFEC2}.Debug|Any CPU.Build.0 = Debug|Any CPU
		{76C61EF1-44DA-46BF-B0E8-A09EFB6DFEC2}.Release|Any CPU.ActiveCfg = Release|Any CPU
		{76C61EF1-44DA-46BF-B0E8-A09EFB6DFEC2}.Release|Any CPU.Build.0 = Release|Any CPU
		{0746D8B9-EEE1-4373-B5CF-733D196C18EB}.Debug|Any CPU.ActiveCfg = Debug|Any CPU
		{0746D8B9-EEE1-4373-B5CF-733D196C18EB}.Debug|Any CPU.Build.0 = Debug|Any CPU
		{0746D8B9-EEE1-4373-B5CF-733D196C18EB}.Release|Any CPU.ActiveCfg = Release|Any CPU
		{0746D8B9-EEE1-4373-B5CF-733D196C18EB}.Release|Any CPU.Build.0 = Release|Any CPU
		{32370289-7ABA-4AC8-8E7C-CBEEC4DC4D42}.Debug|Any CPU.ActiveCfg = Debug|Any CPU
		{32370289-7ABA-4AC8-8E7C-CBEEC4DC4D42}.Debug|Any CPU.Build.0 = Debug|Any CPU
		{32370289-7ABA-4AC8-8E7C-CBEEC4DC4D42}.Release|Any CPU.ActiveCfg = Release|Any CPU
		{32370289-7ABA-4AC8-8E7C-CBEEC4DC4D42}.Release|Any CPU.Build.0 = Release|Any CPU
		{3FFC66A2-14F9-4A8C-B0D1-19189784F0A0}.Debug|Any CPU.ActiveCfg = Debug|Any CPU
		{3FFC66A2-14F9-4A8C-B0D1-19189784F0A0}.Debug|Any CPU.Build.0 = Debug|Any CPU
		{3FFC66A2-14F9-4A8C-B0D1-19189784F0A0}.Release|Any CPU.ActiveCfg = Release|Any CPU
		{3FFC66A2-14F9-4A8C-B0D1-19189784F0A0}.Release|Any CPU.Build.0 = Release|Any CPU
		{9C985B14-7F83-4EFD-9F6A-28B818C88E62}.Debug|Any CPU.ActiveCfg = Debug|Any CPU
		{9C985B14-7F83-4EFD-9F6A-28B818C88E62}.Debug|Any CPU.Build.0 = Debug|Any CPU
		{9C985B14-7F83-4EFD-9F6A-28B818C88E62}.Release|Any CPU.ActiveCfg = Release|Any CPU
		{9C985B14-7F83-4EFD-9F6A-28B818C88E62}.Release|Any CPU.Build.0 = Release|Any CPU
		{A84AA15E-C735-4C35-A831-D3978E2DB077}.Debug|Any CPU.ActiveCfg = Debug|Any CPU
		{A84AA15E-C735-4C35-A831-D3978E2DB077}.Debug|Any CPU.Build.0 = Debug|Any CPU
		{A84AA15E-C735-4C35-A831-D3978E2DB077}.Release|Any CPU.ActiveCfg = Release|Any CPU
		{A84AA15E-C735-4C35-A831-D3978E2DB077}.Release|Any CPU.Build.0 = Release|Any CPU
		{5DFF3C02-3489-48AA-A201-DA3A80236EB6}.Debug|Any CPU.ActiveCfg = Debug|Any CPU
		{5DFF3C02-3489-48AA-A201-DA3A80236EB6}.Debug|Any CPU.Build.0 = Debug|Any CPU
		{5DFF3C02-3489-48AA-A201-DA3A80236EB6}.Release|Any CPU.ActiveCfg = Release|Any CPU
		{5DFF3C02-3489-48AA-A201-DA3A80236EB6}.Release|Any CPU.Build.0 = Release|Any CPU
		{DBEA6DD0-7397-4513-BF66-40B2B3C8D8A0}.Debug|Any CPU.ActiveCfg = Debug|Any CPU
		{DBEA6DD0-7397-4513-BF66-40B2B3C8D8A0}.Debug|Any CPU.Build.0 = Debug|Any CPU
		{DBEA6DD0-7397-4513-BF66-40B2B3C8D8A0}.Release|Any CPU.ActiveCfg = Release|Any CPU
		{DBEA6DD0-7397-4513-BF66-40B2B3C8D8A0}.Release|Any CPU.Build.0 = Release|Any CPU
		{08B0FC42-97FD-4F48-A246-168C0DA8D876}.Debug|Any CPU.ActiveCfg = Debug|Any CPU
		{08B0FC42-97FD-4F48-A246-168C0DA8D876}.Debug|Any CPU.Build.0 = Debug|Any CPU
		{08B0FC42-97FD-4F48-A246-168C0DA8D876}.Release|Any CPU.ActiveCfg = Release|Any CPU
		{08B0FC42-97FD-4F48-A246-168C0DA8D876}.Release|Any CPU.Build.0 = Release|Any CPU
		{C4822490-0C9F-45A9-8BCA-4C2B493BA8E8}.Debug|Any CPU.ActiveCfg = Debug|Any CPU
		{C4822490-0C9F-45A9-8BCA-4C2B493BA8E8}.Debug|Any CPU.Build.0 = Debug|Any CPU
		{C4822490-0C9F-45A9-8BCA-4C2B493BA8E8}.Release|Any CPU.ActiveCfg = Release|Any CPU
		{C4822490-0C9F-45A9-8BCA-4C2B493BA8E8}.Release|Any CPU.Build.0 = Release|Any CPU
		{63255462-CFCC-40A4-80DD-ADAFBDF9A748}.Debug|Any CPU.ActiveCfg = Debug|Any CPU
		{63255462-CFCC-40A4-80DD-ADAFBDF9A748}.Debug|Any CPU.Build.0 = Debug|Any CPU
		{63255462-CFCC-40A4-80DD-ADAFBDF9A748}.Release|Any CPU.ActiveCfg = Release|Any CPU
		{63255462-CFCC-40A4-80DD-ADAFBDF9A748}.Release|Any CPU.Build.0 = Release|Any CPU
		{113C39EF-C229-4A1E-B6D2-477A4B5647B4}.Debug|Any CPU.ActiveCfg = Debug|Any CPU
		{113C39EF-C229-4A1E-B6D2-477A4B5647B4}.Debug|Any CPU.Build.0 = Debug|Any CPU
		{113C39EF-C229-4A1E-B6D2-477A4B5647B4}.Release|Any CPU.ActiveCfg = Release|Any CPU
		{113C39EF-C229-4A1E-B6D2-477A4B5647B4}.Release|Any CPU.Build.0 = Release|Any CPU
		{75132F7D-7214-4C88-9C4D-EFFBC26DC55A}.Debug|Any CPU.ActiveCfg = Debug|Any CPU
		{75132F7D-7214-4C88-9C4D-EFFBC26DC55A}.Debug|Any CPU.Build.0 = Debug|Any CPU
		{75132F7D-7214-4C88-9C4D-EFFBC26DC55A}.Release|Any CPU.ActiveCfg = Release|Any CPU
		{75132F7D-7214-4C88-9C4D-EFFBC26DC55A}.Release|Any CPU.Build.0 = Release|Any CPU
		{F1E5717F-68BE-4B23-A6F4-7441EC0503F7}.Debug|Any CPU.ActiveCfg = Debug|Any CPU
		{F1E5717F-68BE-4B23-A6F4-7441EC0503F7}.Debug|Any CPU.Build.0 = Debug|Any CPU
		{F1E5717F-68BE-4B23-A6F4-7441EC0503F7}.Release|Any CPU.ActiveCfg = Release|Any CPU
		{F1E5717F-68BE-4B23-A6F4-7441EC0503F7}.Release|Any CPU.Build.0 = Release|Any CPU
		{81F824E3-195F-4DEF-91D1-D25476F2B9D8}.Debug|Any CPU.ActiveCfg = Debug|Any CPU
		{81F824E3-195F-4DEF-91D1-D25476F2B9D8}.Debug|Any CPU.Build.0 = Debug|Any CPU
		{81F824E3-195F-4DEF-91D1-D25476F2B9D8}.Release|Any CPU.ActiveCfg = Release|Any CPU
		{81F824E3-195F-4DEF-91D1-D25476F2B9D8}.Release|Any CPU.Build.0 = Release|Any CPU
		{C8B2F67B-1AEF-4350-8B75-E13AB7EDF6CE}.Debug|Any CPU.ActiveCfg = Debug|Any CPU
		{C8B2F67B-1AEF-4350-8B75-E13AB7EDF6CE}.Debug|Any CPU.Build.0 = Debug|Any CPU
		{C8B2F67B-1AEF-4350-8B75-E13AB7EDF6CE}.Release|Any CPU.ActiveCfg = Release|Any CPU
		{C8B2F67B-1AEF-4350-8B75-E13AB7EDF6CE}.Release|Any CPU.Build.0 = Release|Any CPU
		{CA7BB346-2A69-47C6-AF6C-8D404F3031C3}.Debug|Any CPU.ActiveCfg = Debug|Any CPU
		{CA7BB346-2A69-47C6-AF6C-8D404F3031C3}.Debug|Any CPU.Build.0 = Debug|Any CPU
		{CA7BB346-2A69-47C6-AF6C-8D404F3031C3}.Release|Any CPU.ActiveCfg = Release|Any CPU
		{CA7BB346-2A69-47C6-AF6C-8D404F3031C3}.Release|Any CPU.Build.0 = Release|Any CPU
		{3FA2D728-31A1-46B2-9B74-79C3CB96F6A4}.Debug|Any CPU.ActiveCfg = Debug|Any CPU
		{3FA2D728-31A1-46B2-9B74-79C3CB96F6A4}.Debug|Any CPU.Build.0 = Debug|Any CPU
		{3FA2D728-31A1-46B2-9B74-79C3CB96F6A4}.Release|Any CPU.ActiveCfg = Release|Any CPU
		{3FA2D728-31A1-46B2-9B74-79C3CB96F6A4}.Release|Any CPU.Build.0 = Release|Any CPU
		{DBAC1165-2955-460C-A838-883EF0DEF5AC}.Debug|Any CPU.ActiveCfg = Debug|Any CPU
		{DBAC1165-2955-460C-A838-883EF0DEF5AC}.Debug|Any CPU.Build.0 = Debug|Any CPU
		{DBAC1165-2955-460C-A838-883EF0DEF5AC}.Release|Any CPU.ActiveCfg = Release|Any CPU
		{DBAC1165-2955-460C-A838-883EF0DEF5AC}.Release|Any CPU.Build.0 = Release|Any CPU
		{65050DEE-E3D5-4D41-AA66-4CF55CE76014}.Debug|Any CPU.ActiveCfg = Debug|Any CPU
		{65050DEE-E3D5-4D41-AA66-4CF55CE76014}.Debug|Any CPU.Build.0 = Debug|Any CPU
		{65050DEE-E3D5-4D41-AA66-4CF55CE76014}.Release|Any CPU.ActiveCfg = Release|Any CPU
		{65050DEE-E3D5-4D41-AA66-4CF55CE76014}.Release|Any CPU.Build.0 = Release|Any CPU
		{84561E4D-4605-4475-BF49-4C6540736CC9}.Debug|Any CPU.ActiveCfg = Debug|Any CPU
		{84561E4D-4605-4475-BF49-4C6540736CC9}.Debug|Any CPU.Build.0 = Debug|Any CPU
		{84561E4D-4605-4475-BF49-4C6540736CC9}.Release|Any CPU.ActiveCfg = Release|Any CPU
		{84561E4D-4605-4475-BF49-4C6540736CC9}.Release|Any CPU.Build.0 = Release|Any CPU
		{5E4045EB-7CD5-4670-91FD-2DE094A354A3}.Debug|Any CPU.ActiveCfg = Debug|Any CPU
		{5E4045EB-7CD5-4670-91FD-2DE094A354A3}.Debug|Any CPU.Build.0 = Debug|Any CPU
		{5E4045EB-7CD5-4670-91FD-2DE094A354A3}.Release|Any CPU.ActiveCfg = Release|Any CPU
		{5E4045EB-7CD5-4670-91FD-2DE094A354A3}.Release|Any CPU.Build.0 = Release|Any CPU
		{9CACFF96-B278-4648-BABA-4598C36D0D09}.Debug|Any CPU.ActiveCfg = Debug|Any CPU
		{9CACFF96-B278-4648-BABA-4598C36D0D09}.Debug|Any CPU.Build.0 = Debug|Any CPU
		{9CACFF96-B278-4648-BABA-4598C36D0D09}.Release|Any CPU.ActiveCfg = Release|Any CPU
		{9CACFF96-B278-4648-BABA-4598C36D0D09}.Release|Any CPU.Build.0 = Release|Any CPU
	EndGlobalSection
	GlobalSection(SolutionProperties) = preSolution
		HideSolutionNode = FALSE
	EndGlobalSection
	GlobalSection(NestedProjects) = preSolution
		{67F01733-B0EB-4A9A-9EB0-2BA543340049} = {6A8DE8EC-1B75-457F-9C22-8D99C0494443}
		{E2D02BB1-34ED-4B86-BE3F-99D895CEC7F4} = {6A8DE8EC-1B75-457F-9C22-8D99C0494443}
		{B31410EB-47FD-40CD-8898-1E9AEBDB2D66} = {6A8DE8EC-1B75-457F-9C22-8D99C0494443}
		{2985F4D6-9775-4764-A4DB-F7BC10079020} = {6A8DE8EC-1B75-457F-9C22-8D99C0494443}
		{6FDA4FF3-584B-4BE2-A2E0-7B8D98F412DD} = {1731105F-A57A-432A-8585-8D7C6FD517E5}
		{9B639818-19D6-43F9-ACDD-A22D67A1FEBF} = {6A8DE8EC-1B75-457F-9C22-8D99C0494443}
		{45B3DF68-EE54-4357-89FF-CEC1AC17DB41} = {6A8DE8EC-1B75-457F-9C22-8D99C0494443}
		{B2B3801F-77CC-425D-A7EC-9D648222C74B} = {6A8DE8EC-1B75-457F-9C22-8D99C0494443}
		{D0AE4D9F-E50D-4774-B2D5-1318B6975491} = {6A8DE8EC-1B75-457F-9C22-8D99C0494443}
		{09EFEA7F-94B8-40C2-829B-23FC588A96A8} = {6A8DE8EC-1B75-457F-9C22-8D99C0494443}
		{65C8FDBD-3597-4418-8781-8E669608A92C} = {6A8DE8EC-1B75-457F-9C22-8D99C0494443}
		{3A0B92FC-7589-446A-9B48-77990B9C7E54} = {6A8DE8EC-1B75-457F-9C22-8D99C0494443}
		{ECBCF7A5-4AC2-4BBC-A386-8A0848532734} = {6A8DE8EC-1B75-457F-9C22-8D99C0494443}
		{B515811D-8F30-4657-8CC8-ED6F232A04E8} = {6A8DE8EC-1B75-457F-9C22-8D99C0494443}
		{B8BA93BB-4B25-4239-8C23-3B26C1ADA41A} = {6A8DE8EC-1B75-457F-9C22-8D99C0494443}
		{E71FB2C5-0E1D-4D7E-AC36-6D99E3A212E6} = {6A8DE8EC-1B75-457F-9C22-8D99C0494443}
		{396011EB-13E1-47B7-8FEC-899E459F35CB} = {6A8DE8EC-1B75-457F-9C22-8D99C0494443}
		{981E5ED4-BD25-4F6B-9C96-DB0347B008DF} = {6A8DE8EC-1B75-457F-9C22-8D99C0494443}
		{1B5BA15A-7F6B-48CB-9E9A-E4297C9D44AA} = {6A8DE8EC-1B75-457F-9C22-8D99C0494443}
		{4D572971-C693-4CD3-8109-0BBCE0B3E47C} = {6A8DE8EC-1B75-457F-9C22-8D99C0494443}
		{F93EC354-7673-49A6-B3D1-8C994E903B29} = {6A8DE8EC-1B75-457F-9C22-8D99C0494443}
		{073C3FBF-829E-45AA-A943-20B1D8E6F600} = {6A8DE8EC-1B75-457F-9C22-8D99C0494443}
		{60C3F38D-5CD5-43F7-828D-B20A921ABC3D} = {6A8DE8EC-1B75-457F-9C22-8D99C0494443}
		{E167D488-74E3-4445-90C6-9E405D68BE7B} = {6A8DE8EC-1B75-457F-9C22-8D99C0494443}
		{EC639E5B-C658-4CC6-8FB7-373C97562813} = {6A8DE8EC-1B75-457F-9C22-8D99C0494443}
		{235F98C4-C709-4183-85EF-BDFD98DFC8C6} = {6A8DE8EC-1B75-457F-9C22-8D99C0494443}
		{4E8D029F-DAA4-4C71-994D-BE12312522AE} = {6A8DE8EC-1B75-457F-9C22-8D99C0494443}
		{2E592B0D-DB4C-4FAC-8D9E-B39574AF2258} = {52C07C20-F105-4D63-BC13-030A6DD6DBAB}
		{B87986F7-698C-46DF-87CB-A55A07E066DF} = {6A8DE8EC-1B75-457F-9C22-8D99C0494443}
		{67778786-8294-41D4-BE7D-C19C0EBA1636} = {52C07C20-F105-4D63-BC13-030A6DD6DBAB}
		{64675D2F-1FDF-459D-8267-F8F9A25F74DA} = {6A8DE8EC-1B75-457F-9C22-8D99C0494443}
		{E84D4A5B-4ABE-4312-AEC8-3FD52B275B16} = {6A8DE8EC-1B75-457F-9C22-8D99C0494443}
		{5D4DF9E6-EBEB-4626-A50C-6393024D4329} = {96496B79-0157-4BB2-8217-C1C4E211E6B5}
		{76C61EF1-44DA-46BF-B0E8-A09EFB6DFEC2} = {3CC1922F-D933-4E91-83AD-050E412EA349}
		{0746D8B9-EEE1-4373-B5CF-733D196C18EB} = {3CC1922F-D933-4E91-83AD-050E412EA349}
		{32370289-7ABA-4AC8-8E7C-CBEEC4DC4D42} = {3CC1922F-D933-4E91-83AD-050E412EA349}
		{3FFC66A2-14F9-4A8C-B0D1-19189784F0A0} = {6A8DE8EC-1B75-457F-9C22-8D99C0494443}
		{9C985B14-7F83-4EFD-9F6A-28B818C88E62} = {6A8DE8EC-1B75-457F-9C22-8D99C0494443}
		{A84AA15E-C735-4C35-A831-D3978E2DB077} = {6A8DE8EC-1B75-457F-9C22-8D99C0494443}
		{5DFF3C02-3489-48AA-A201-DA3A80236EB6} = {6A8DE8EC-1B75-457F-9C22-8D99C0494443}
		{DBEA6DD0-7397-4513-BF66-40B2B3C8D8A0} = {6A8DE8EC-1B75-457F-9C22-8D99C0494443}
		{08B0FC42-97FD-4F48-A246-168C0DA8D876} = {6A8DE8EC-1B75-457F-9C22-8D99C0494443}
		{C4822490-0C9F-45A9-8BCA-4C2B493BA8E8} = {6A8DE8EC-1B75-457F-9C22-8D99C0494443}
		{63255462-CFCC-40A4-80DD-ADAFBDF9A748} = {6A8DE8EC-1B75-457F-9C22-8D99C0494443}
		{113C39EF-C229-4A1E-B6D2-477A4B5647B4} = {6A8DE8EC-1B75-457F-9C22-8D99C0494443}
		{75132F7D-7214-4C88-9C4D-EFFBC26DC55A} = {6A8DE8EC-1B75-457F-9C22-8D99C0494443}
		{F1E5717F-68BE-4B23-A6F4-7441EC0503F7} = {6A8DE8EC-1B75-457F-9C22-8D99C0494443}
		{81F824E3-195F-4DEF-91D1-D25476F2B9D8} = {6A8DE8EC-1B75-457F-9C22-8D99C0494443}
		{C8B2F67B-1AEF-4350-8B75-E13AB7EDF6CE} = {6A8DE8EC-1B75-457F-9C22-8D99C0494443}
		{CA7BB346-2A69-47C6-AF6C-8D404F3031C3} = {6A8DE8EC-1B75-457F-9C22-8D99C0494443}
		{3FA2D728-31A1-46B2-9B74-79C3CB96F6A4} = {6A8DE8EC-1B75-457F-9C22-8D99C0494443}
		{DBAC1165-2955-460C-A838-883EF0DEF5AC} = {6A8DE8EC-1B75-457F-9C22-8D99C0494443}
		{65050DEE-E3D5-4D41-AA66-4CF55CE76014} = {6A8DE8EC-1B75-457F-9C22-8D99C0494443}
		{84561E4D-4605-4475-BF49-4C6540736CC9} = {6A8DE8EC-1B75-457F-9C22-8D99C0494443}
		{5E4045EB-7CD5-4670-91FD-2DE094A354A3} = {6A8DE8EC-1B75-457F-9C22-8D99C0494443}
		{9CACFF96-B278-4648-BABA-4598C36D0D09} = {6A8DE8EC-1B75-457F-9C22-8D99C0494443}
	EndGlobalSection
EndGlobal
