
Microsoft Visual Studio Solution File, Format Version 12.00
# Visual Studio 14
VisualStudioVersion = 14.0.25420.1
MinimumVisualStudioVersion = 10.0.40219.1
Project("{2150E333-8FDC-42A3-9474-1A3956D46DE8}") = "MVC", "MVC", "{6A8DE8EC-1B75-457F-9C22-8D99C0494443}"
EndProject
Project("{FAE04EC0-301F-11D3-BF4B-00C04F79EFBC}") = "WebApplication1", "WebApplication1\WebApplication1.csproj", "{67F01733-B0EB-4A9A-9EB0-2BA543340049}"
EndProject
Project("{FAE04EC0-301F-11D3-BF4B-00C04F79EFBC}") = "WebApplication2", "WebApplication2\WebApplication2.csproj", "{E2D02BB1-34ED-4B86-BE3F-99D895CEC7F4}"
EndProject
Project("{FAE04EC0-301F-11D3-BF4B-00C04F79EFBC}") = "WebApplication3", "WebApplication3\WebApplication3.csproj", "{B31410EB-47FD-40CD-8898-1E9AEBDB2D66}"
EndProject
Project("{FAE04EC0-301F-11D3-BF4B-00C04F79EFBC}") = "WebApplication4", "WebApplication4\WebApplication4.csproj", "{2985F4D6-9775-4764-A4DB-F7BC10079020}"
EndProject
Project("{2150E333-8FDC-42A3-9474-1A3956D46DE8}") = "EntityFramework", "EntityFramework", "{1731105F-A57A-432A-8585-8D7C6FD517E5}"
EndProject
Project("{FAE04EC0-301F-11D3-BF4B-00C04F79EFBC}") = "ConsoleApplication1", "ConsoleApplication1\ConsoleApplication1.csproj", "{6FDA4FF3-584B-4BE2-A2E0-7B8D98F412DD}"
EndProject
Project("{FAE04EC0-301F-11D3-BF4B-00C04F79EFBC}") = "WebApplication5", "WebApplication5\WebApplication5.csproj", "{9B639818-19D6-43F9-ACDD-A22D67A1FEBF}"
EndProject
Project("{FAE04EC0-301F-11D3-BF4B-00C04F79EFBC}") = "WebApplication6", "WebApplication6\WebApplication6.csproj", "{45B3DF68-EE54-4357-89FF-CEC1AC17DB41}"
EndProject
Project("{FAE04EC0-301F-11D3-BF4B-00C04F79EFBC}") = "WebApplication7", "WebApplication7\WebApplication7.csproj", "{EB43063F-5379-4B80-B638-E30DF54BCCB5}"
EndProject
Project("{FAE04EC0-301F-11D3-BF4B-00C04F79EFBC}") = "WebApplication9", "WebApplication9\WebApplication9.csproj", "{B2B3801F-77CC-425D-A7EC-9D648222C74B}"
EndProject
Project("{FAE04EC0-301F-11D3-BF4B-00C04F79EFBC}") = "WebApplication8", "WebApplication8\WebApplication8.csproj", "{D0AE4D9F-E50D-4774-B2D5-1318B6975491}"
EndProject
Project("{FAE04EC0-301F-11D3-BF4B-00C04F79EFBC}") = "WebApplication10", "WebApplication10\WebApplication10.csproj", "{09EFEA7F-94B8-40C2-829B-23FC588A96A8}"
EndProject
Project("{FAE04EC0-301F-11D3-BF4B-00C04F79EFBC}") = "WebApplication11", "WebApplication11\WebApplication11.csproj", "{65C8FDBD-3597-4418-8781-8E669608A92C}"
EndProject
Project("{FAE04EC0-301F-11D3-BF4B-00C04F79EFBC}") = "WebApplication12", "WebApplication12\WebApplication12.csproj", "{3A0B92FC-7589-446A-9B48-77990B9C7E54}"
EndProject
Project("{FAE04EC0-301F-11D3-BF4B-00C04F79EFBC}") = "WebApplication13", "WebApplication13\WebApplication13.csproj", "{ECBCF7A5-4AC2-4BBC-A386-8A0848532734}"
EndProject
Project("{FAE04EC0-301F-11D3-BF4B-00C04F79EFBC}") = "WebApplication14", "WebApplication14\WebApplication14.csproj", "{B515811D-8F30-4657-8CC8-ED6F232A04E8}"
EndProject
Project("{FAE04EC0-301F-11D3-BF4B-00C04F79EFBC}") = "WebApplication15", "WebApplication15\WebApplication15.csproj", "{B8BA93BB-4B25-4239-8C23-3B26C1ADA41A}"
EndProject
Project("{FAE04EC0-301F-11D3-BF4B-00C04F79EFBC}") = "WebApplication16", "WebApplication16\WebApplication16.csproj", "{E71FB2C5-0E1D-4D7E-AC36-6D99E3A212E6}"
EndProject
Project("{FAE04EC0-301F-11D3-BF4B-00C04F79EFBC}") = "WebApplication17", "WebApplication17\WebApplication17.csproj", "{396011EB-13E1-47B7-8FEC-899E459F35CB}"
EndProject
Project("{FAE04EC0-301F-11D3-BF4B-00C04F79EFBC}") = "WebApplication18", "WebApplication18\WebApplication18.csproj", "{981E5ED4-BD25-4F6B-9C96-DB0347B008DF}"
EndProject
Project("{FAE04EC0-301F-11D3-BF4B-00C04F79EFBC}") = "WebApplication19", "WebApplication19\WebApplication19.csproj", "{1B5BA15A-7F6B-48CB-9E9A-E4297C9D44AA}"
EndProject
Project("{FAE04EC0-301F-11D3-BF4B-00C04F79EFBC}") = "WebApplication20", "WebApplication20\WebApplication20.csproj", "{4D572971-C693-4CD3-8109-0BBCE0B3E47C}"
EndProject
Project("{FAE04EC0-301F-11D3-BF4B-00C04F79EFBC}") = "WebApplication21", "WebApplication21\WebApplication21.csproj", "{F93EC354-7673-49A6-B3D1-8C994E903B29}"
EndProject
Project("{FAE04EC0-301F-11D3-BF4B-00C04F79EFBC}") = "WebApplication22", "WebApplication22\WebApplication22.csproj", "{073C3FBF-829E-45AA-A943-20B1D8E6F600}"
EndProject
Project("{2150E333-8FDC-42A3-9474-1A3956D46DE8}") = "Console", "Console", "{D46F88BB-6BCA-4A54-A516-F6A1E3181F2D}"
EndProject
Project("{FAE04EC0-301F-11D3-BF4B-00C04F79EFBC}") = "ConsoleApplication2", "ConsoleApplication2\ConsoleApplication2.csproj", "{C3839C83-B01E-47CC-B50B-1643E7268277}"
EndProject
Project("{FAE04EC0-301F-11D3-BF4B-00C04F79EFBC}") = "WebApplication23", "WebApplication23\WebApplication23.csproj", "{60C3F38D-5CD5-43F7-828D-B20A921ABC3D}"
EndProject
Project("{FAE04EC0-301F-11D3-BF4B-00C04F79EFBC}") = "WebApplication24", "WebApplication24\WebApplication24.csproj", "{E167D488-74E3-4445-90C6-9E405D68BE7B}"
EndProject
Project("{FAE04EC0-301F-11D3-BF4B-00C04F79EFBC}") = "WebApplication25", "WebApplication25\WebApplication25.csproj", "{EC639E5B-C658-4CC6-8FB7-373C97562813}"
EndProject
Project("{FAE04EC0-301F-11D3-BF4B-00C04F79EFBC}") = "WebApplication26", "WebApplication26\WebApplication26.csproj", "{235F98C4-C709-4183-85EF-BDFD98DFC8C6}"
EndProject
Project("{FAE04EC0-301F-11D3-BF4B-00C04F79EFBC}") = "WebApplication27", "WebApplication27\WebApplication27.csproj", "{4E8D029F-DAA4-4C71-994D-BE12312522AE}"
EndProject
Project("{2150E333-8FDC-42A3-9474-1A3956D46DE8}") = "EF", "EF", "{52C07C20-F105-4D63-BC13-030A6DD6DBAB}"
EndProject
Project("{FAE04EC0-301F-11D3-BF4B-00C04F79EFBC}") = "WebApplication28", "WebApplication28\WebApplication28.csproj", "{2E592B0D-DB4C-4FAC-8D9E-B39574AF2258}"
EndProject
Project("{FAE04EC0-301F-11D3-BF4B-00C04F79EFBC}") = "WebApplication29", "WebApplication29\WebApplication29.csproj", "{B87986F7-698C-46DF-87CB-A55A07E066DF}"
EndProject
Project("{FAE04EC0-301F-11D3-BF4B-00C04F79EFBC}") = "WebApplication30", "WebApplication30\WebApplication30.csproj", "{67778786-8294-41D4-BE7D-C19C0EBA1636}"
EndProject
Project("{FAE04EC0-301F-11D3-BF4B-00C04F79EFBC}") = "WebApplication31", "WebApplication31\WebApplication31.csproj", "{64675D2F-1FDF-459D-8267-F8F9A25F74DA}"
EndProject
Project("{FAE04EC0-301F-11D3-BF4B-00C04F79EFBC}") = "WebApplication32", "WebApplication32\WebApplication32.csproj", "{E84D4A5B-4ABE-4312-AEC8-3FD52B275B16}"
EndProject
Global
	GlobalSection(SolutionConfigurationPlatforms) = preSolution
		Debug|Any CPU = Debug|Any CPU
		Release|Any CPU = Release|Any CPU
	EndGlobalSection
	GlobalSection(ProjectConfigurationPlatforms) = postSolution
		{67F01733-B0EB-4A9A-9EB0-2BA543340049}.Debug|Any CPU.ActiveCfg = Debug|Any CPU
		{67F01733-B0EB-4A9A-9EB0-2BA543340049}.Debug|Any CPU.Build.0 = Debug|Any CPU
		{67F01733-B0EB-4A9A-9EB0-2BA543340049}.Release|Any CPU.ActiveCfg = Release|Any CPU
		{67F01733-B0EB-4A9A-9EB0-2BA543340049}.Release|Any CPU.Build.0 = Release|Any CPU
		{E2D02BB1-34ED-4B86-BE3F-99D895CEC7F4}.Debug|Any CPU.ActiveCfg = Debug|Any CPU
		{E2D02BB1-34ED-4B86-BE3F-99D895CEC7F4}.Debug|Any CPU.Build.0 = Debug|Any CPU
		{E2D02BB1-34ED-4B86-BE3F-99D895CEC7F4}.Release|Any CPU.ActiveCfg = Release|Any CPU
		{E2D02BB1-34ED-4B86-BE3F-99D895CEC7F4}.Release|Any CPU.Build.0 = Release|Any CPU
		{B31410EB-47FD-40CD-8898-1E9AEBDB2D66}.Debug|Any CPU.ActiveCfg = Debug|Any CPU
		{B31410EB-47FD-40CD-8898-1E9AEBDB2D66}.Debug|Any CPU.Build.0 = Debug|Any CPU
		{B31410EB-47FD-40CD-8898-1E9AEBDB2D66}.Release|Any CPU.ActiveCfg = Release|Any CPU
		{B31410EB-47FD-40CD-8898-1E9AEBDB2D66}.Release|Any CPU.Build.0 = Release|Any CPU
		{2985F4D6-9775-4764-A4DB-F7BC10079020}.Debug|Any CPU.ActiveCfg = Debug|Any CPU
		{2985F4D6-9775-4764-A4DB-F7BC10079020}.Debug|Any CPU.Build.0 = Debug|Any CPU
		{2985F4D6-9775-4764-A4DB-F7BC10079020}.Release|Any CPU.ActiveCfg = Release|Any CPU
		{2985F4D6-9775-4764-A4DB-F7BC10079020}.Release|Any CPU.Build.0 = Release|Any CPU
		{6FDA4FF3-584B-4BE2-A2E0-7B8D98F412DD}.Debug|Any CPU.ActiveCfg = Debug|Any CPU
		{6FDA4FF3-584B-4BE2-A2E0-7B8D98F412DD}.Debug|Any CPU.Build.0 = Debug|Any CPU
		{6FDA4FF3-584B-4BE2-A2E0-7B8D98F412DD}.Release|Any CPU.ActiveCfg = Release|Any CPU
		{6FDA4FF3-584B-4BE2-A2E0-7B8D98F412DD}.Release|Any CPU.Build.0 = Release|Any CPU
		{9B639818-19D6-43F9-ACDD-A22D67A1FEBF}.Debug|Any CPU.ActiveCfg = Debug|Any CPU
		{9B639818-19D6-43F9-ACDD-A22D67A1FEBF}.Debug|Any CPU.Build.0 = Debug|Any CPU
		{9B639818-19D6-43F9-ACDD-A22D67A1FEBF}.Release|Any CPU.ActiveCfg = Release|Any CPU
		{9B639818-19D6-43F9-ACDD-A22D67A1FEBF}.Release|Any CPU.Build.0 = Release|Any CPU
		{45B3DF68-EE54-4357-89FF-CEC1AC17DB41}.Debug|Any CPU.ActiveCfg = Debug|Any CPU
		{45B3DF68-EE54-4357-89FF-CEC1AC17DB41}.Debug|Any CPU.Build.0 = Debug|Any CPU
		{45B3DF68-EE54-4357-89FF-CEC1AC17DB41}.Release|Any CPU.ActiveCfg = Release|Any CPU
		{45B3DF68-EE54-4357-89FF-CEC1AC17DB41}.Release|Any CPU.Build.0 = Release|Any CPU
		{EB43063F-5379-4B80-B638-E30DF54BCCB5}.Debug|Any CPU.ActiveCfg = Debug|Any CPU
		{EB43063F-5379-4B80-B638-E30DF54BCCB5}.Debug|Any CPU.Build.0 = Debug|Any CPU
		{EB43063F-5379-4B80-B638-E30DF54BCCB5}.Release|Any CPU.ActiveCfg = Release|Any CPU
		{EB43063F-5379-4B80-B638-E30DF54BCCB5}.Release|Any CPU.Build.0 = Release|Any CPU
		{B2B3801F-77CC-425D-A7EC-9D648222C74B}.Debug|Any CPU.ActiveCfg = Debug|Any CPU
		{B2B3801F-77CC-425D-A7EC-9D648222C74B}.Debug|Any CPU.Build.0 = Debug|Any CPU
		{B2B3801F-77CC-425D-A7EC-9D648222C74B}.Release|Any CPU.ActiveCfg = Release|Any CPU
		{B2B3801F-77CC-425D-A7EC-9D648222C74B}.Release|Any CPU.Build.0 = Release|Any CPU
		{D0AE4D9F-E50D-4774-B2D5-1318B6975491}.Debug|Any CPU.ActiveCfg = Debug|Any CPU
		{D0AE4D9F-E50D-4774-B2D5-1318B6975491}.Debug|Any CPU.Build.0 = Debug|Any CPU
		{D0AE4D9F-E50D-4774-B2D5-1318B6975491}.Release|Any CPU.ActiveCfg = Release|Any CPU
		{D0AE4D9F-E50D-4774-B2D5-1318B6975491}.Release|Any CPU.Build.0 = Release|Any CPU
		{09EFEA7F-94B8-40C2-829B-23FC588A96A8}.Debug|Any CPU.ActiveCfg = Debug|Any CPU
		{09EFEA7F-94B8-40C2-829B-23FC588A96A8}.Debug|Any CPU.Build.0 = Debug|Any CPU
		{09EFEA7F-94B8-40C2-829B-23FC588A96A8}.Release|Any CPU.ActiveCfg = Release|Any CPU
		{09EFEA7F-94B8-40C2-829B-23FC588A96A8}.Release|Any CPU.Build.0 = Release|Any CPU
		{65C8FDBD-3597-4418-8781-8E669608A92C}.Debug|Any CPU.ActiveCfg = Debug|Any CPU
		{65C8FDBD-3597-4418-8781-8E669608A92C}.Debug|Any CPU.Build.0 = Debug|Any CPU
		{65C8FDBD-3597-4418-8781-8E669608A92C}.Release|Any CPU.ActiveCfg = Release|Any CPU
		{65C8FDBD-3597-4418-8781-8E669608A92C}.Release|Any CPU.Build.0 = Release|Any CPU
		{3A0B92FC-7589-446A-9B48-77990B9C7E54}.Debug|Any CPU.ActiveCfg = Debug|Any CPU
		{3A0B92FC-7589-446A-9B48-77990B9C7E54}.Debug|Any CPU.Build.0 = Debug|Any CPU
		{3A0B92FC-7589-446A-9B48-77990B9C7E54}.Release|Any CPU.ActiveCfg = Release|Any CPU
		{3A0B92FC-7589-446A-9B48-77990B9C7E54}.Release|Any CPU.Build.0 = Release|Any CPU
		{ECBCF7A5-4AC2-4BBC-A386-8A0848532734}.Debug|Any CPU.ActiveCfg = Debug|Any CPU
		{ECBCF7A5-4AC2-4BBC-A386-8A0848532734}.Debug|Any CPU.Build.0 = Debug|Any CPU
		{ECBCF7A5-4AC2-4BBC-A386-8A0848532734}.Release|Any CPU.ActiveCfg = Release|Any CPU
		{ECBCF7A5-4AC2-4BBC-A386-8A0848532734}.Release|Any CPU.Build.0 = Release|Any CPU
		{B515811D-8F30-4657-8CC8-ED6F232A04E8}.Debug|Any CPU.ActiveCfg = Debug|Any CPU
		{B515811D-8F30-4657-8CC8-ED6F232A04E8}.Debug|Any CPU.Build.0 = Debug|Any CPU
		{B515811D-8F30-4657-8CC8-ED6F232A04E8}.Release|Any CPU.ActiveCfg = Release|Any CPU
		{B515811D-8F30-4657-8CC8-ED6F232A04E8}.Release|Any CPU.Build.0 = Release|Any CPU
		{B8BA93BB-4B25-4239-8C23-3B26C1ADA41A}.Debug|Any CPU.ActiveCfg = Debug|Any CPU
		{B8BA93BB-4B25-4239-8C23-3B26C1ADA41A}.Debug|Any CPU.Build.0 = Debug|Any CPU
		{B8BA93BB-4B25-4239-8C23-3B26C1ADA41A}.Release|Any CPU.ActiveCfg = Release|Any CPU
		{B8BA93BB-4B25-4239-8C23-3B26C1ADA41A}.Release|Any CPU.Build.0 = Release|Any CPU
		{E71FB2C5-0E1D-4D7E-AC36-6D99E3A212E6}.Debug|Any CPU.ActiveCfg = Debug|Any CPU
		{E71FB2C5-0E1D-4D7E-AC36-6D99E3A212E6}.Debug|Any CPU.Build.0 = Debug|Any CPU
		{E71FB2C5-0E1D-4D7E-AC36-6D99E3A212E6}.Release|Any CPU.ActiveCfg = Release|Any CPU
		{E71FB2C5-0E1D-4D7E-AC36-6D99E3A212E6}.Release|Any CPU.Build.0 = Release|Any CPU
		{396011EB-13E1-47B7-8FEC-899E459F35CB}.Debug|Any CPU.ActiveCfg = Debug|Any CPU
		{396011EB-13E1-47B7-8FEC-899E459F35CB}.Debug|Any CPU.Build.0 = Debug|Any CPU
		{396011EB-13E1-47B7-8FEC-899E459F35CB}.Release|Any CPU.ActiveCfg = Release|Any CPU
		{396011EB-13E1-47B7-8FEC-899E459F35CB}.Release|Any CPU.Build.0 = Release|Any CPU
		{981E5ED4-BD25-4F6B-9C96-DB0347B008DF}.Debug|Any CPU.ActiveCfg = Debug|Any CPU
		{981E5ED4-BD25-4F6B-9C96-DB0347B008DF}.Debug|Any CPU.Build.0 = Debug|Any CPU
		{981E5ED4-BD25-4F6B-9C96-DB0347B008DF}.Release|Any CPU.ActiveCfg = Release|Any CPU
		{981E5ED4-BD25-4F6B-9C96-DB0347B008DF}.Release|Any CPU.Build.0 = Release|Any CPU
		{1B5BA15A-7F6B-48CB-9E9A-E4297C9D44AA}.Debug|Any CPU.ActiveCfg = Debug|Any CPU
		{1B5BA15A-7F6B-48CB-9E9A-E4297C9D44AA}.Debug|Any CPU.Build.0 = Debug|Any CPU
		{1B5BA15A-7F6B-48CB-9E9A-E4297C9D44AA}.Release|Any CPU.ActiveCfg = Release|Any CPU
		{1B5BA15A-7F6B-48CB-9E9A-E4297C9D44AA}.Release|Any CPU.Build.0 = Release|Any CPU
		{4D572971-C693-4CD3-8109-0BBCE0B3E47C}.Debug|Any CPU.ActiveCfg = Debug|Any CPU
		{4D572971-C693-4CD3-8109-0BBCE0B3E47C}.Debug|Any CPU.Build.0 = Debug|Any CPU
		{4D572971-C693-4CD3-8109-0BBCE0B3E47C}.Release|Any CPU.ActiveCfg = Release|Any CPU
		{4D572971-C693-4CD3-8109-0BBCE0B3E47C}.Release|Any CPU.Build.0 = Release|Any CPU
		{F93EC354-7673-49A6-B3D1-8C994E903B29}.Debug|Any CPU.ActiveCfg = Debug|Any CPU
		{F93EC354-7673-49A6-B3D1-8C994E903B29}.Debug|Any CPU.Build.0 = Debug|Any CPU
		{F93EC354-7673-49A6-B3D1-8C994E903B29}.Release|Any CPU.ActiveCfg = Release|Any CPU
		{F93EC354-7673-49A6-B3D1-8C994E903B29}.Release|Any CPU.Build.0 = Release|Any CPU
		{073C3FBF-829E-45AA-A943-20B1D8E6F600}.Debug|Any CPU.ActiveCfg = Debug|Any CPU
		{073C3FBF-829E-45AA-A943-20B1D8E6F600}.Debug|Any CPU.Build.0 = Debug|Any CPU
		{073C3FBF-829E-45AA-A943-20B1D8E6F600}.Release|Any CPU.ActiveCfg = Release|Any CPU
		{073C3FBF-829E-45AA-A943-20B1D8E6F600}.Release|Any CPU.Build.0 = Release|Any CPU
		{C3839C83-B01E-47CC-B50B-1643E7268277}.Debug|Any CPU.ActiveCfg = Debug|Any CPU
		{C3839C83-B01E-47CC-B50B-1643E7268277}.Debug|Any CPU.Build.0 = Debug|Any CPU
		{C3839C83-B01E-47CC-B50B-1643E7268277}.Release|Any CPU.ActiveCfg = Release|Any CPU
		{C3839C83-B01E-47CC-B50B-1643E7268277}.Release|Any CPU.Build.0 = Release|Any CPU
		{60C3F38D-5CD5-43F7-828D-B20A921ABC3D}.Debug|Any CPU.ActiveCfg = Debug|Any CPU
		{60C3F38D-5CD5-43F7-828D-B20A921ABC3D}.Debug|Any CPU.Build.0 = Debug|Any CPU
		{60C3F38D-5CD5-43F7-828D-B20A921ABC3D}.Release|Any CPU.ActiveCfg = Release|Any CPU
		{60C3F38D-5CD5-43F7-828D-B20A921ABC3D}.Release|Any CPU.Build.0 = Release|Any CPU
		{E167D488-74E3-4445-90C6-9E405D68BE7B}.Debug|Any CPU.ActiveCfg = Debug|Any CPU
		{E167D488-74E3-4445-90C6-9E405D68BE7B}.Debug|Any CPU.Build.0 = Debug|Any CPU
		{E167D488-74E3-4445-90C6-9E405D68BE7B}.Release|Any CPU.ActiveCfg = Release|Any CPU
		{E167D488-74E3-4445-90C6-9E405D68BE7B}.Release|Any CPU.Build.0 = Release|Any CPU
		{EC639E5B-C658-4CC6-8FB7-373C97562813}.Debug|Any CPU.ActiveCfg = Debug|Any CPU
		{EC639E5B-C658-4CC6-8FB7-373C97562813}.Debug|Any CPU.Build.0 = Debug|Any CPU
		{EC639E5B-C658-4CC6-8FB7-373C97562813}.Release|Any CPU.ActiveCfg = Release|Any CPU
		{EC639E5B-C658-4CC6-8FB7-373C97562813}.Release|Any CPU.Build.0 = Release|Any CPU
		{235F98C4-C709-4183-85EF-BDFD98DFC8C6}.Debug|Any CPU.ActiveCfg = Debug|Any CPU
		{235F98C4-C709-4183-85EF-BDFD98DFC8C6}.Debug|Any CPU.Build.0 = Debug|Any CPU
		{235F98C4-C709-4183-85EF-BDFD98DFC8C6}.Release|Any CPU.ActiveCfg = Release|Any CPU
		{235F98C4-C709-4183-85EF-BDFD98DFC8C6}.Release|Any CPU.Build.0 = Release|Any CPU
		{4E8D029F-DAA4-4C71-994D-BE12312522AE}.Debug|Any CPU.ActiveCfg = Debug|Any CPU
		{4E8D029F-DAA4-4C71-994D-BE12312522AE}.Debug|Any CPU.Build.0 = Debug|Any CPU
		{4E8D029F-DAA4-4C71-994D-BE12312522AE}.Release|Any CPU.ActiveCfg = Release|Any CPU
		{4E8D029F-DAA4-4C71-994D-BE12312522AE}.Release|Any CPU.Build.0 = Release|Any CPU
		{2E592B0D-DB4C-4FAC-8D9E-B39574AF2258}.Debug|Any CPU.ActiveCfg = Debug|Any CPU
		{2E592B0D-DB4C-4FAC-8D9E-B39574AF2258}.Debug|Any CPU.Build.0 = Debug|Any CPU
		{2E592B0D-DB4C-4FAC-8D9E-B39574AF2258}.Release|Any CPU.ActiveCfg = Release|Any CPU
		{2E592B0D-DB4C-4FAC-8D9E-B39574AF2258}.Release|Any CPU.Build.0 = Release|Any CPU
		{B87986F7-698C-46DF-87CB-A55A07E066DF}.Debug|Any CPU.ActiveCfg = Debug|Any CPU
		{B87986F7-698C-46DF-87CB-A55A07E066DF}.Debug|Any CPU.Build.0 = Debug|Any CPU
		{B87986F7-698C-46DF-87CB-A55A07E066DF}.Release|Any CPU.ActiveCfg = Release|Any CPU
		{B87986F7-698C-46DF-87CB-A55A07E066DF}.Release|Any CPU.Build.0 = Release|Any CPU
		{67778786-8294-41D4-BE7D-C19C0EBA1636}.Debug|Any CPU.ActiveCfg = Debug|Any CPU
		{67778786-8294-41D4-BE7D-C19C0EBA1636}.Debug|Any CPU.Build.0 = Debug|Any CPU
		{67778786-8294-41D4-BE7D-C19C0EBA1636}.Release|Any CPU.ActiveCfg = Release|Any CPU
		{67778786-8294-41D4-BE7D-C19C0EBA1636}.Release|Any CPU.Build.0 = Release|Any CPU
		{64675D2F-1FDF-459D-8267-F8F9A25F74DA}.Debug|Any CPU.ActiveCfg = Debug|Any CPU
		{64675D2F-1FDF-459D-8267-F8F9A25F74DA}.Debug|Any CPU.Build.0 = Debug|Any CPU
		{64675D2F-1FDF-459D-8267-F8F9A25F74DA}.Release|Any CPU.ActiveCfg = Release|Any CPU
		{64675D2F-1FDF-459D-8267-F8F9A25F74DA}.Release|Any CPU.Build.0 = Release|Any CPU
		{E84D4A5B-4ABE-4312-AEC8-3FD52B275B16}.Debug|Any CPU.ActiveCfg = Debug|Any CPU
		{E84D4A5B-4ABE-4312-AEC8-3FD52B275B16}.Debug|Any CPU.Build.0 = Debug|Any CPU
		{E84D4A5B-4ABE-4312-AEC8-3FD52B275B16}.Release|Any CPU.ActiveCfg = Release|Any CPU
		{E84D4A5B-4ABE-4312-AEC8-3FD52B275B16}.Release|Any CPU.Build.0 = Release|Any CPU
	EndGlobalSection
	GlobalSection(SolutionProperties) = preSolution
		HideSolutionNode = FALSE
	EndGlobalSection
	GlobalSection(NestedProjects) = preSolution
		{67F01733-B0EB-4A9A-9EB0-2BA543340049} = {6A8DE8EC-1B75-457F-9C22-8D99C0494443}
		{E2D02BB1-34ED-4B86-BE3F-99D895CEC7F4} = {6A8DE8EC-1B75-457F-9C22-8D99C0494443}
		{B31410EB-47FD-40CD-8898-1E9AEBDB2D66} = {6A8DE8EC-1B75-457F-9C22-8D99C0494443}
		{2985F4D6-9775-4764-A4DB-F7BC10079020} = {6A8DE8EC-1B75-457F-9C22-8D99C0494443}
		{6FDA4FF3-584B-4BE2-A2E0-7B8D98F412DD} = {1731105F-A57A-432A-8585-8D7C6FD517E5}
		{9B639818-19D6-43F9-ACDD-A22D67A1FEBF} = {6A8DE8EC-1B75-457F-9C22-8D99C0494443}
		{45B3DF68-EE54-4357-89FF-CEC1AC17DB41} = {6A8DE8EC-1B75-457F-9C22-8D99C0494443}
		{EB43063F-5379-4B80-B638-E30DF54BCCB5} = {6A8DE8EC-1B75-457F-9C22-8D99C0494443}
		{B2B3801F-77CC-425D-A7EC-9D648222C74B} = {6A8DE8EC-1B75-457F-9C22-8D99C0494443}
		{D0AE4D9F-E50D-4774-B2D5-1318B6975491} = {6A8DE8EC-1B75-457F-9C22-8D99C0494443}
		{09EFEA7F-94B8-40C2-829B-23FC588A96A8} = {6A8DE8EC-1B75-457F-9C22-8D99C0494443}
		{65C8FDBD-3597-4418-8781-8E669608A92C} = {6A8DE8EC-1B75-457F-9C22-8D99C0494443}
		{3A0B92FC-7589-446A-9B48-77990B9C7E54} = {6A8DE8EC-1B75-457F-9C22-8D99C0494443}
		{ECBCF7A5-4AC2-4BBC-A386-8A0848532734} = {6A8DE8EC-1B75-457F-9C22-8D99C0494443}
		{B515811D-8F30-4657-8CC8-ED6F232A04E8} = {6A8DE8EC-1B75-457F-9C22-8D99C0494443}
		{B8BA93BB-4B25-4239-8C23-3B26C1ADA41A} = {6A8DE8EC-1B75-457F-9C22-8D99C0494443}
		{E71FB2C5-0E1D-4D7E-AC36-6D99E3A212E6} = {6A8DE8EC-1B75-457F-9C22-8D99C0494443}
		{396011EB-13E1-47B7-8FEC-899E459F35CB} = {6A8DE8EC-1B75-457F-9C22-8D99C0494443}
		{981E5ED4-BD25-4F6B-9C96-DB0347B008DF} = {6A8DE8EC-1B75-457F-9C22-8D99C0494443}
		{1B5BA15A-7F6B-48CB-9E9A-E4297C9D44AA} = {6A8DE8EC-1B75-457F-9C22-8D99C0494443}
		{4D572971-C693-4CD3-8109-0BBCE0B3E47C} = {6A8DE8EC-1B75-457F-9C22-8D99C0494443}
		{F93EC354-7673-49A6-B3D1-8C994E903B29} = {6A8DE8EC-1B75-457F-9C22-8D99C0494443}
		{073C3FBF-829E-45AA-A943-20B1D8E6F600} = {6A8DE8EC-1B75-457F-9C22-8D99C0494443}
		{C3839C83-B01E-47CC-B50B-1643E7268277} = {D46F88BB-6BCA-4A54-A516-F6A1E3181F2D}
		{60C3F38D-5CD5-43F7-828D-B20A921ABC3D} = {6A8DE8EC-1B75-457F-9C22-8D99C0494443}
		{E167D488-74E3-4445-90C6-9E405D68BE7B} = {6A8DE8EC-1B75-457F-9C22-8D99C0494443}
		{EC639E5B-C658-4CC6-8FB7-373C97562813} = {6A8DE8EC-1B75-457F-9C22-8D99C0494443}
		{235F98C4-C709-4183-85EF-BDFD98DFC8C6} = {6A8DE8EC-1B75-457F-9C22-8D99C0494443}
		{4E8D029F-DAA4-4C71-994D-BE12312522AE} = {6A8DE8EC-1B75-457F-9C22-8D99C0494443}
		{2E592B0D-DB4C-4FAC-8D9E-B39574AF2258} = {52C07C20-F105-4D63-BC13-030A6DD6DBAB}
		{B87986F7-698C-46DF-87CB-A55A07E066DF} = {52C07C20-F105-4D63-BC13-030A6DD6DBAB}
		{67778786-8294-41D4-BE7D-C19C0EBA1636} = {52C07C20-F105-4D63-BC13-030A6DD6DBAB}
		{64675D2F-1FDF-459D-8267-F8F9A25F74DA} = {6A8DE8EC-1B75-457F-9C22-8D99C0494443}
		{E84D4A5B-4ABE-4312-AEC8-3FD52B275B16} = {6A8DE8EC-1B75-457F-9C22-8D99C0494443}
	EndGlobalSection
EndGlobal
